
Microsoft Visual Studio Solution File, Format Version 12.00
# Visual Studio Version 16
VisualStudioVersion = 16.0.31402.337
MinimumVisualStudioVersion = 10.0.40219.1
Project("{FAE04EC0-301F-11D3-BF4B-00C04F79EFBC}") = "Casion PokeApi", "Casion PokeApi\Casion PokeApi.csproj", "{D25AE10A-AE23-4D9A-9320-C69510D2EACB}"
EndProject
Global
	GlobalSection(SolutionConfigurationPlatforms) = preSolution
		Debug|Any CPU = Debug|Any CPU
		Release|Any CPU = Release|Any CPU
	EndGlobalSection
	GlobalSection(ProjectConfigurationPlatforms) = postSolution
		{D25AE10A-AE23-4D9A-9320-C69510D2EACB}.Debug|Any CPU.ActiveCfg = Debug|Any CPU
		{D25AE10A-AE23-4D9A-9320-C69510D2EACB}.Debug|Any CPU.Build.0 = Debug|Any CPU
		{D25AE10A-AE23-4D9A-9320-C69510D2EACB}.Release|Any CPU.ActiveCfg = Release|Any CPU
		{D25AE10A-AE23-4D9A-9320-C69510D2EACB}.Release|Any CPU.Build.0 = Release|Any CPU
	EndGlobalSection
	GlobalSection(SolutionProperties) = preSolution
		HideSolutionNode = FALSE
	EndGlobalSection
	GlobalSection(ExtensibilityGlobals) = postSolution
		SolutionGuid = {47E37004-D174-469D-B6D6-490E3269958C}
	EndGlobalSection
EndGlobal
